
Microsoft Visual Studio Solution File, Format Version 12.00
# Visual Studio 15
VisualStudioVersion = 15.0.27130.2003
MinimumVisualStudioVersion = 10.0.40219.1
Project("{FAE04EC0-301F-11D3-BF4B-00C04F79EFBC}") = "Domain", "Domain\Domain.csproj", "{A34CA7DF-70ED-41D1-B521-9CEBED89C764}"
EndProject
Project("{FAE04EC0-301F-11D3-BF4B-00C04F79EFBC}") = "Data", "Data\Data.csproj", "{E39D40B4-6212-4DE5-B99F-66176E809278}"
EndProject
Global
	GlobalSection(SolutionConfigurationPlatforms) = preSolution
		Debug|Any CPU = Debug|Any CPU
		Release|Any CPU = Release|Any CPU
	EndGlobalSection
	GlobalSection(ProjectConfigurationPlatforms) = postSolution
		{A34CA7DF-70ED-41D1-B521-9CEBED89C764}.Debug|Any CPU.ActiveCfg = Debug|Any CPU
		{A34CA7DF-70ED-41D1-B521-9CEBED89C764}.Debug|Any CPU.Build.0 = Debug|Any CPU
		{A34CA7DF-70ED-41D1-B521-9CEBED89C764}.Release|Any CPU.ActiveCfg = Release|Any CPU
		{A34CA7DF-70ED-41D1-B521-9CEBED89C764}.Release|Any CPU.Build.0 = Release|Any CPU
		{E39D40B4-6212-4DE5-B99F-66176E809278}.Debug|Any CPU.ActiveCfg = Debug|Any CPU
		{E39D40B4-6212-4DE5-B99F-66176E809278}.Debug|Any CPU.Build.0 = Debug|Any CPU
		{E39D40B4-6212-4DE5-B99F-66176E809278}.Release|Any CPU.ActiveCfg = Release|Any CPU
		{E39D40B4-6212-4DE5-B99F-66176E809278}.Release|Any CPU.Build.0 = Release|Any CPU
	EndGlobalSection
	GlobalSection(SolutionProperties) = preSolution
		HideSolutionNode = FALSE
	EndGlobalSection
	GlobalSection(ExtensibilityGlobals) = postSolution
		SolutionGuid = {C3D3426C-2074-4A4B-81A1-23898E69FEF6}
	EndGlobalSection
EndGlobal
